
Microsoft Visual Studio Solution File, Format Version 11.00
# Visual Studio 2010
Project("{FAE04EC0-301F-11D3-BF4B-00C04F79EFBC}") = "GongJiao", "GongJiao\GongJiao.csproj", "{9E99741B-B32F-4C4A-8F05-BAF52490EE12}"
EndProject
Project("{FAE04EC0-301F-11D3-BF4B-00C04F79EFBC}") = "GongJiaoSearch", "GongJiaoSearch\GongJiaoSearch.csproj", "{C4B7D332-D22A-4166-9F89-86E5B1E91A17}"
EndProject
Project("{FAE04EC0-301F-11D3-BF4B-00C04F79EFBC}") = "ClassLibrary1", "C:\Documents and Settings\Administrator\My Documents\Visual Studio 2010\Projects\ClassLibrary1\ClassLibrary1\ClassLibrary1.csproj", "{6FA317A4-9B8F-4DC8-992C-D61B2095F572}"
EndProject
Project("{2150E333-8FDC-42A3-9474-1A3956D46DE8}") = "Project", "Project", "{14E297F6-BC75-47E3-A9BF-E3D6DA687B76}"
EndProject
Project("{FAE04EC0-301F-11D3-BF4B-00C04F79EFBC}") = "InputPhones", "InputPhones\InputPhones\InputPhones.csproj", "{8189E851-3285-44EB-88D1-634CA0F18FCB}"
EndProject
Project("{FAE04EC0-301F-11D3-BF4B-00C04F79EFBC}") = "GetAndPost", "GetDeviceInfo\GetAndPost\GetAndPost.csproj", "{53FA4A1B-98E7-47DA-93F6-6846E8B630F3}"
EndProject
Global
	GlobalSection(SolutionConfigurationPlatforms) = preSolution
		Debug|Any CPU = Debug|Any CPU
		Debug|Mixed Platforms = Debug|Mixed Platforms
		Debug|x86 = Debug|x86
		Release|Any CPU = Release|Any CPU
		Release|Mixed Platforms = Release|Mixed Platforms
		Release|x86 = Release|x86
	EndGlobalSection
	GlobalSection(ProjectConfigurationPlatforms) = postSolution
		{9E99741B-B32F-4C4A-8F05-BAF52490EE12}.Debug|Any CPU.ActiveCfg = Debug|x86
		{9E99741B-B32F-4C4A-8F05-BAF52490EE12}.Debug|Mixed Platforms.ActiveCfg = Debug|x86
		{9E99741B-B32F-4C4A-8F05-BAF52490EE12}.Debug|Mixed Platforms.Build.0 = Debug|x86
		{9E99741B-B32F-4C4A-8F05-BAF52490EE12}.Debug|x86.ActiveCfg = Debug|x86
		{9E99741B-B32F-4C4A-8F05-BAF52490EE12}.Debug|x86.Build.0 = Debug|x86
		{9E99741B-B32F-4C4A-8F05-BAF52490EE12}.Release|Any CPU.ActiveCfg = Release|x86
		{9E99741B-B32F-4C4A-8F05-BAF52490EE12}.Release|Mixed Platforms.ActiveCfg = Release|x86
		{9E99741B-B32F-4C4A-8F05-BAF52490EE12}.Release|Mixed Platforms.Build.0 = Release|x86
		{9E99741B-B32F-4C4A-8F05-BAF52490EE12}.Release|x86.ActiveCfg = Release|x86
		{9E99741B-B32F-4C4A-8F05-BAF52490EE12}.Release|x86.Build.0 = Release|x86
		{C4B7D332-D22A-4166-9F89-86E5B1E91A17}.Debug|Any CPU.ActiveCfg = Debug|x86
		{C4B7D332-D22A-4166-9F89-86E5B1E91A17}.Debug|Mixed Platforms.ActiveCfg = Debug|x86
		{C4B7D332-D22A-4166-9F89-86E5B1E91A17}.Debug|Mixed Platforms.Build.0 = Debug|x86
		{C4B7D332-D22A-4166-9F89-86E5B1E91A17}.Debug|x86.ActiveCfg = Debug|x86
		{C4B7D332-D22A-4166-9F89-86E5B1E91A17}.Debug|x86.Build.0 = Debug|x86
		{C4B7D332-D22A-4166-9F89-86E5B1E91A17}.Release|Any CPU.ActiveCfg = Release|x86
		{C4B7D332-D22A-4166-9F89-86E5B1E91A17}.Release|Mixed Platforms.ActiveCfg = Release|x86
		{C4B7D332-D22A-4166-9F89-86E5B1E91A17}.Release|Mixed Platforms.Build.0 = Release|x86
		{C4B7D332-D22A-4166-9F89-86E5B1E91A17}.Release|x86.ActiveCfg = Release|x86
		{C4B7D332-D22A-4166-9F89-86E5B1E91A17}.Release|x86.Build.0 = Release|x86
		{6FA317A4-9B8F-4DC8-992C-D61B2095F572}.Debug|Any CPU.ActiveCfg = Debug|Any CPU
		{6FA317A4-9B8F-4DC8-992C-D61B2095F572}.Debug|Any CPU.Build.0 = Debug|Any CPU
		{6FA317A4-9B8F-4DC8-992C-D61B2095F572}.Debug|Mixed Platforms.ActiveCfg = Debug|Any CPU
		{6FA317A4-9B8F-4DC8-992C-D61B2095F572}.Debug|Mixed Platforms.Build.0 = Debug|Any CPU
		{6FA317A4-9B8F-4DC8-992C-D61B2095F572}.Debug|x86.ActiveCfg = Debug|Any CPU
		{6FA317A4-9B8F-4DC8-992C-D61B2095F572}.Release|Any CPU.ActiveCfg = Release|Any CPU
		{6FA317A4-9B8F-4DC8-992C-D61B2095F572}.Release|Any CPU.Build.0 = Release|Any CPU
		{6FA317A4-9B8F-4DC8-992C-D61B2095F572}.Release|Mixed Platforms.ActiveCfg = Release|Any CPU
		{6FA317A4-9B8F-4DC8-992C-D61B2095F572}.Release|Mixed Platforms.Build.0 = Release|Any CPU
		{6FA317A4-9B8F-4DC8-992C-D61B2095F572}.Release|x86.ActiveCfg = Release|Any CPU
		{8189E851-3285-44EB-88D1-634CA0F18FCB}.Debug|Any CPU.ActiveCfg = Debug|x86
		{8189E851-3285-44EB-88D1-634CA0F18FCB}.Debug|Mixed Platforms.ActiveCfg = Debug|x86
		{8189E851-3285-44EB-88D1-634CA0F18FCB}.Debug|Mixed Platforms.Build.0 = Debug|x86
		{8189E851-3285-44EB-88D1-634CA0F18FCB}.Debug|x86.ActiveCfg = Debug|x86
		{8189E851-3285-44EB-88D1-634CA0F18FCB}.Debug|x86.Build.0 = Debug|x86
		{8189E851-3285-44EB-88D1-634CA0F18FCB}.Release|Any CPU.ActiveCfg = Release|x86
		{8189E851-3285-44EB-88D1-634CA0F18FCB}.Release|Mixed Platforms.ActiveCfg = Release|x86
		{8189E851-3285-44EB-88D1-634CA0F18FCB}.Release|Mixed Platforms.Build.0 = Release|x86
		{8189E851-3285-44EB-88D1-634CA0F18FCB}.Release|x86.ActiveCfg = Release|x86
		{8189E851-3285-44EB-88D1-634CA0F18FCB}.Release|x86.Build.0 = Release|x86
		{53FA4A1B-98E7-47DA-93F6-6846E8B630F3}.Debug|Any CPU.ActiveCfg = Debug|x86
		{53FA4A1B-98E7-47DA-93F6-6846E8B630F3}.Debug|Mixed Platforms.ActiveCfg = Debug|x86
		{53FA4A1B-98E7-47DA-93F6-6846E8B630F3}.Debug|Mixed Platforms.Build.0 = Debug|x86
		{53FA4A1B-98E7-47DA-93F6-6846E8B630F3}.Debug|x86.ActiveCfg = Debug|x86
		{53FA4A1B-98E7-47DA-93F6-6846E8B630F3}.Debug|x86.Build.0 = Debug|x86
		{53FA4A1B-98E7-47DA-93F6-6846E8B630F3}.Release|Any CPU.ActiveCfg = Release|x86
		{53FA4A1B-98E7-47DA-93F6-6846E8B630F3}.Release|Mixed Platforms.ActiveCfg = Release|x86
		{53FA4A1B-98E7-47DA-93F6-6846E8B630F3}.Release|Mixed Platforms.Build.0 = Release|x86
		{53FA4A1B-98E7-47DA-93F6-6846E8B630F3}.Release|x86.ActiveCfg = Release|x86
		{53FA4A1B-98E7-47DA-93F6-6846E8B630F3}.Release|x86.Build.0 = Release|x86
	EndGlobalSection
	GlobalSection(SolutionProperties) = preSolution
		HideSolutionNode = FALSE
	EndGlobalSection
	GlobalSection(NestedProjects) = preSolution
		{8189E851-3285-44EB-88D1-634CA0F18FCB} = {14E297F6-BC75-47E3-A9BF-E3D6DA687B76}
		{53FA4A1B-98E7-47DA-93F6-6846E8B630F3} = {14E297F6-BC75-47E3-A9BF-E3D6DA687B76}
	EndGlobalSection
EndGlobal
