
Microsoft Visual Studio Solution File, Format Version 11.00
# Visual Studio 2010
Project("{8BC9CEB8-8B4A-11D0-8D11-00A0C91BC942}") = "kingate", "kingate.vcxproj", "{3E3492AD-2E67-4DF2-BBDD-CCD4275634EF}"
EndProject
Global
	GlobalSection(SolutionConfigurationPlatforms) = preSolution
		Debug|Win32 = Debug|Win32
		Release|Win32 = Release|Win32
	EndGlobalSection
	GlobalSection(ProjectConfigurationPlatforms) = postSolution
		{3E3492AD-2E67-4DF2-BBDD-CCD4275634EF}.Debug|Win32.ActiveCfg = Debug|Win32
		{3E3492AD-2E67-4DF2-BBDD-CCD4275634EF}.Debug|Win32.Build.0 = Debug|Win32
		{3E3492AD-2E67-4DF2-BBDD-CCD4275634EF}.Release|Win32.ActiveCfg = Release|Win32
		{3E3492AD-2E67-4DF2-BBDD-CCD4275634EF}.Release|Win32.Build.0 = Release|Win32
	EndGlobalSection
	GlobalSection(SolutionProperties) = preSolution
		HideSolutionNode = FALSE
	EndGlobalSection
EndGlobal
