
Microsoft Visual Studio Solution File, Format Version 11.00
# Visual Studio 2010
Project("{FAE04EC0-301F-11D3-BF4B-00C04F79EFBC}") = "updaterss", "InputPhones\updaterss.csproj", "{569D1579-2872-4E2E-B897-CDAEA650F931}"
EndProject
Project("{FAE04EC0-301F-11D3-BF4B-00C04F79EFBC}") = "CC2013", "..\..\QQ2013\CC2013.csproj", "{3F8A866D-EB38-4CD1-AC4F-27420ED21669}"
EndProject
Project("{FAE04EC0-301F-11D3-BF4B-00C04F79EFBC}") = "SkinControls", "D:\Desktop\skincontrols-src\SkinControls\SkinControls.csproj", "{149D972A-FE05-40E3-A3D9-7B680CA74D9E}"
EndProject
Project("{FAE04EC0-301F-11D3-BF4B-00C04F79EFBC}") = "ClassLibrary1", "..\ClassLibrary1\ClassLibrary1.csproj", "{6FA317A4-9B8F-4DC8-992C-D61B2095F572}"
EndProject
Project("{FAE04EC0-301F-11D3-BF4B-00C04F79EFBC}") = "SkinForm", "..\..\CC\SkinForm.csproj", "{1E0F9D4F-66BF-4D07-8862-08FA7EF73A0D}"
EndProject
Project("{FAE04EC0-301F-11D3-BF4B-00C04F79EFBC}") = "58", "D:\Projects\sh\58\58\58.csproj", "{434947AC-F370-40FC-8F39-7F0D330E0A4D}"
EndProject
Project("{FAE04EC0-301F-11D3-BF4B-00C04F79EFBC}") = "WordAutoGre", "..\..\WordAutoGre\mycomments\WordAutoGre\WordAutoGre.csproj", "{8EC3B5D3-8E00-4AB5-B1AD-51396AF298B5}"
EndProject
Project("{FAE04EC0-301F-11D3-BF4B-00C04F79EFBC}") = "GetCode", "..\..\GetCode\GetCode\GetCode.csproj", "{199ED00E-AEA3-4183-8D64-557E34637E80}"
EndProject
Project("{FAE04EC0-301F-11D3-BF4B-00C04F79EFBC}") = "Code", "..\..\Test\Code\Code.csproj", "{785AB4E0-1546-42FF-9D66-66F075897C0C}"
EndProject
Project("{FAE04EC0-301F-11D3-BF4B-00C04F79EFBC}") = "Zmd_Vip_Client", "D:\Desktop\mj\ZMD_VIP_CLIENT\Zmd_Vip_Client\Zmd_Vip_Client.csproj", "{911D5620-0E51-4FD6-91BF-9CD3A500AA72}"
EndProject
Project("{FAE04EC0-301F-11D3-BF4B-00C04F79EFBC}") = "BarcodeLib", "D:\Desktop\mj\ZMD_VIP_CLIENT\BarcodeLib\BarcodeLib.csproj", "{F8646414-0C9C-49BB-9DA3-3923BF78A398}"
EndProject
Project("{FAE04EC0-301F-11D3-BF4B-00C04F79EFBC}") = "OpenHardwareMonitor", "..\..\OpenHard\OpenHardwareMonitor.csproj", "{F5E0C1F7-9E9B-46F2-AC88-8C9C1C923880}"
EndProject
Project("{FAE04EC0-301F-11D3-BF4B-00C04F79EFBC}") = "SoukeyNetget", "D:\Desktop\Soukey源码\SoukeyNetget\SoukeyNetget.csproj", "{76D9F18F-29BD-45E5-A253-F9F5D5597246}"
EndProject
Project("{FAE04EC0-301F-11D3-BF4B-00C04F79EFBC}") = "MySimpleBitmapRegion", "..\..\Form\MySimpleBitmapRegion\MySimpleBitmapRegion.csproj", "{9271C1A9-8A66-49B9-ACC6-AE8A3CBFB030}"
EndProject
Global
	GlobalSection(SolutionConfigurationPlatforms) = preSolution
		Debug|Any CPU = Debug|Any CPU
		Debug|Mixed Platforms = Debug|Mixed Platforms
		Debug|x86 = Debug|x86
		Release|Any CPU = Release|Any CPU
		Release|Mixed Platforms = Release|Mixed Platforms
		Release|x86 = Release|x86
	EndGlobalSection
	GlobalSection(ProjectConfigurationPlatforms) = postSolution
		{569D1579-2872-4E2E-B897-CDAEA650F931}.Debug|Any CPU.ActiveCfg = Debug|x86
		{569D1579-2872-4E2E-B897-CDAEA650F931}.Debug|Mixed Platforms.ActiveCfg = Debug|x86
		{569D1579-2872-4E2E-B897-CDAEA650F931}.Debug|Mixed Platforms.Build.0 = Debug|x86
		{569D1579-2872-4E2E-B897-CDAEA650F931}.Debug|x86.ActiveCfg = Debug|x86
		{569D1579-2872-4E2E-B897-CDAEA650F931}.Debug|x86.Build.0 = Debug|x86
		{569D1579-2872-4E2E-B897-CDAEA650F931}.Release|Any CPU.ActiveCfg = Release|x86
		{569D1579-2872-4E2E-B897-CDAEA650F931}.Release|Mixed Platforms.ActiveCfg = Release|x86
		{569D1579-2872-4E2E-B897-CDAEA650F931}.Release|Mixed Platforms.Build.0 = Release|x86
		{569D1579-2872-4E2E-B897-CDAEA650F931}.Release|x86.ActiveCfg = Release|x86
		{569D1579-2872-4E2E-B897-CDAEA650F931}.Release|x86.Build.0 = Release|x86
		{3F8A866D-EB38-4CD1-AC4F-27420ED21669}.Debug|Any CPU.ActiveCfg = Debug|x86
		{3F8A866D-EB38-4CD1-AC4F-27420ED21669}.Debug|Mixed Platforms.ActiveCfg = Debug|x86
		{3F8A866D-EB38-4CD1-AC4F-27420ED21669}.Debug|Mixed Platforms.Build.0 = Debug|x86
		{3F8A866D-EB38-4CD1-AC4F-27420ED21669}.Debug|x86.ActiveCfg = Debug|x86
		{3F8A866D-EB38-4CD1-AC4F-27420ED21669}.Debug|x86.Build.0 = Debug|x86
		{3F8A866D-EB38-4CD1-AC4F-27420ED21669}.Release|Any CPU.ActiveCfg = Release|x86
		{3F8A866D-EB38-4CD1-AC4F-27420ED21669}.Release|Mixed Platforms.ActiveCfg = Release|x86
		{3F8A866D-EB38-4CD1-AC4F-27420ED21669}.Release|Mixed Platforms.Build.0 = Release|x86
		{3F8A866D-EB38-4CD1-AC4F-27420ED21669}.Release|x86.ActiveCfg = Release|x86
		{3F8A866D-EB38-4CD1-AC4F-27420ED21669}.Release|x86.Build.0 = Release|x86
		{149D972A-FE05-40E3-A3D9-7B680CA74D9E}.Debug|Any CPU.ActiveCfg = Debug|Any CPU
		{149D972A-FE05-40E3-A3D9-7B680CA74D9E}.Debug|Any CPU.Build.0 = Debug|Any CPU
		{149D972A-FE05-40E3-A3D9-7B680CA74D9E}.Debug|Mixed Platforms.ActiveCfg = Debug|Any CPU
		{149D972A-FE05-40E3-A3D9-7B680CA74D9E}.Debug|Mixed Platforms.Build.0 = Debug|Any CPU
		{149D972A-FE05-40E3-A3D9-7B680CA74D9E}.Debug|x86.ActiveCfg = Debug|Any CPU
		{149D972A-FE05-40E3-A3D9-7B680CA74D9E}.Release|Any CPU.ActiveCfg = Release|Any CPU
		{149D972A-FE05-40E3-A3D9-7B680CA74D9E}.Release|Any CPU.Build.0 = Release|Any CPU
		{149D972A-FE05-40E3-A3D9-7B680CA74D9E}.Release|Mixed Platforms.ActiveCfg = Release|Any CPU
		{149D972A-FE05-40E3-A3D9-7B680CA74D9E}.Release|Mixed Platforms.Build.0 = Release|Any CPU
		{149D972A-FE05-40E3-A3D9-7B680CA74D9E}.Release|x86.ActiveCfg = Release|Any CPU
		{6FA317A4-9B8F-4DC8-992C-D61B2095F572}.Debug|Any CPU.ActiveCfg = Debug|Any CPU
		{6FA317A4-9B8F-4DC8-992C-D61B2095F572}.Debug|Any CPU.Build.0 = Debug|Any CPU
		{6FA317A4-9B8F-4DC8-992C-D61B2095F572}.Debug|Mixed Platforms.ActiveCfg = Debug|Any CPU
		{6FA317A4-9B8F-4DC8-992C-D61B2095F572}.Debug|Mixed Platforms.Build.0 = Debug|Any CPU
		{6FA317A4-9B8F-4DC8-992C-D61B2095F572}.Debug|x86.ActiveCfg = Debug|Any CPU
		{6FA317A4-9B8F-4DC8-992C-D61B2095F572}.Release|Any CPU.ActiveCfg = Release|Any CPU
		{6FA317A4-9B8F-4DC8-992C-D61B2095F572}.Release|Any CPU.Build.0 = Release|Any CPU
		{6FA317A4-9B8F-4DC8-992C-D61B2095F572}.Release|Mixed Platforms.ActiveCfg = Release|Any CPU
		{6FA317A4-9B8F-4DC8-992C-D61B2095F572}.Release|Mixed Platforms.Build.0 = Release|Any CPU
		{6FA317A4-9B8F-4DC8-992C-D61B2095F572}.Release|x86.ActiveCfg = Release|Any CPU
		{1E0F9D4F-66BF-4D07-8862-08FA7EF73A0D}.Debug|Any CPU.ActiveCfg = Debug|x86
		{1E0F9D4F-66BF-4D07-8862-08FA7EF73A0D}.Debug|Mixed Platforms.ActiveCfg = Debug|x86
		{1E0F9D4F-66BF-4D07-8862-08FA7EF73A0D}.Debug|Mixed Platforms.Build.0 = Debug|x86
		{1E0F9D4F-66BF-4D07-8862-08FA7EF73A0D}.Debug|x86.ActiveCfg = Debug|x86
		{1E0F9D4F-66BF-4D07-8862-08FA7EF73A0D}.Debug|x86.Build.0 = Debug|x86
		{1E0F9D4F-66BF-4D07-8862-08FA7EF73A0D}.Release|Any CPU.ActiveCfg = Release|x86
		{1E0F9D4F-66BF-4D07-8862-08FA7EF73A0D}.Release|Mixed Platforms.ActiveCfg = Release|x86
		{1E0F9D4F-66BF-4D07-8862-08FA7EF73A0D}.Release|Mixed Platforms.Build.0 = Release|x86
		{1E0F9D4F-66BF-4D07-8862-08FA7EF73A0D}.Release|x86.ActiveCfg = Release|x86
		{1E0F9D4F-66BF-4D07-8862-08FA7EF73A0D}.Release|x86.Build.0 = Release|x86
		{434947AC-F370-40FC-8F39-7F0D330E0A4D}.Debug|Any CPU.ActiveCfg = Debug|x86
		{434947AC-F370-40FC-8F39-7F0D330E0A4D}.Debug|Mixed Platforms.ActiveCfg = Debug|x86
		{434947AC-F370-40FC-8F39-7F0D330E0A4D}.Debug|Mixed Platforms.Build.0 = Debug|x86
		{434947AC-F370-40FC-8F39-7F0D330E0A4D}.Debug|x86.ActiveCfg = Debug|x86
		{434947AC-F370-40FC-8F39-7F0D330E0A4D}.Debug|x86.Build.0 = Debug|x86
		{434947AC-F370-40FC-8F39-7F0D330E0A4D}.Release|Any CPU.ActiveCfg = Release|x86
		{434947AC-F370-40FC-8F39-7F0D330E0A4D}.Release|Mixed Platforms.ActiveCfg = Release|x86
		{434947AC-F370-40FC-8F39-7F0D330E0A4D}.Release|Mixed Platforms.Build.0 = Release|x86
		{434947AC-F370-40FC-8F39-7F0D330E0A4D}.Release|x86.ActiveCfg = Release|x86
		{434947AC-F370-40FC-8F39-7F0D330E0A4D}.Release|x86.Build.0 = Release|x86
		{8EC3B5D3-8E00-4AB5-B1AD-51396AF298B5}.Debug|Any CPU.ActiveCfg = Debug|x86
		{8EC3B5D3-8E00-4AB5-B1AD-51396AF298B5}.Debug|Mixed Platforms.ActiveCfg = Debug|x86
		{8EC3B5D3-8E00-4AB5-B1AD-51396AF298B5}.Debug|Mixed Platforms.Build.0 = Debug|x86
		{8EC3B5D3-8E00-4AB5-B1AD-51396AF298B5}.Debug|x86.ActiveCfg = Debug|x86
		{8EC3B5D3-8E00-4AB5-B1AD-51396AF298B5}.Debug|x86.Build.0 = Debug|x86
		{8EC3B5D3-8E00-4AB5-B1AD-51396AF298B5}.Release|Any CPU.ActiveCfg = Release|x86
		{8EC3B5D3-8E00-4AB5-B1AD-51396AF298B5}.Release|Mixed Platforms.ActiveCfg = Release|x86
		{8EC3B5D3-8E00-4AB5-B1AD-51396AF298B5}.Release|Mixed Platforms.Build.0 = Release|x86
		{8EC3B5D3-8E00-4AB5-B1AD-51396AF298B5}.Release|x86.ActiveCfg = Release|x86
		{8EC3B5D3-8E00-4AB5-B1AD-51396AF298B5}.Release|x86.Build.0 = Release|x86
		{199ED00E-AEA3-4183-8D64-557E34637E80}.Debug|Any CPU.ActiveCfg = Debug|Any CPU
		{199ED00E-AEA3-4183-8D64-557E34637E80}.Debug|Any CPU.Build.0 = Debug|Any CPU
		{199ED00E-AEA3-4183-8D64-557E34637E80}.Debug|Mixed Platforms.ActiveCfg = Debug|x86
		{199ED00E-AEA3-4183-8D64-557E34637E80}.Debug|Mixed Platforms.Build.0 = Debug|x86
		{199ED00E-AEA3-4183-8D64-557E34637E80}.Debug|x86.ActiveCfg = Debug|x86
		{199ED00E-AEA3-4183-8D64-557E34637E80}.Debug|x86.Build.0 = Debug|x86
		{199ED00E-AEA3-4183-8D64-557E34637E80}.Release|Any CPU.ActiveCfg = Release|Any CPU
		{199ED00E-AEA3-4183-8D64-557E34637E80}.Release|Any CPU.Build.0 = Release|Any CPU
		{199ED00E-AEA3-4183-8D64-557E34637E80}.Release|Mixed Platforms.ActiveCfg = Release|x86
		{199ED00E-AEA3-4183-8D64-557E34637E80}.Release|Mixed Platforms.Build.0 = Release|x86
		{199ED00E-AEA3-4183-8D64-557E34637E80}.Release|x86.ActiveCfg = Release|x86
		{199ED00E-AEA3-4183-8D64-557E34637E80}.Release|x86.Build.0 = Release|x86
		{785AB4E0-1546-42FF-9D66-66F075897C0C}.Debug|Any CPU.ActiveCfg = Debug|x86
		{785AB4E0-1546-42FF-9D66-66F075897C0C}.Debug|Mixed Platforms.ActiveCfg = Debug|x86
		{785AB4E0-1546-42FF-9D66-66F075897C0C}.Debug|Mixed Platforms.Build.0 = Debug|x86
		{785AB4E0-1546-42FF-9D66-66F075897C0C}.Debug|x86.ActiveCfg = Debug|x86
		{785AB4E0-1546-42FF-9D66-66F075897C0C}.Debug|x86.Build.0 = Debug|x86
		{785AB4E0-1546-42FF-9D66-66F075897C0C}.Release|Any CPU.ActiveCfg = Release|x86
		{785AB4E0-1546-42FF-9D66-66F075897C0C}.Release|Mixed Platforms.ActiveCfg = Release|x86
		{785AB4E0-1546-42FF-9D66-66F075897C0C}.Release|Mixed Platforms.Build.0 = Release|x86
		{785AB4E0-1546-42FF-9D66-66F075897C0C}.Release|x86.ActiveCfg = Release|x86
		{785AB4E0-1546-42FF-9D66-66F075897C0C}.Release|x86.Build.0 = Release|x86
		{911D5620-0E51-4FD6-91BF-9CD3A500AA72}.Debug|Any CPU.ActiveCfg = Debug|x86
		{911D5620-0E51-4FD6-91BF-9CD3A500AA72}.Debug|Mixed Platforms.ActiveCfg = Debug|x86
		{911D5620-0E51-4FD6-91BF-9CD3A500AA72}.Debug|Mixed Platforms.Build.0 = Debug|x86
		{911D5620-0E51-4FD6-91BF-9CD3A500AA72}.Debug|x86.ActiveCfg = Debug|x86
		{911D5620-0E51-4FD6-91BF-9CD3A500AA72}.Debug|x86.Build.0 = Debug|x86
		{911D5620-0E51-4FD6-91BF-9CD3A500AA72}.Release|Any CPU.ActiveCfg = Release|x86
		{911D5620-0E51-4FD6-91BF-9CD3A500AA72}.Release|Mixed Platforms.ActiveCfg = Release|x86
		{911D5620-0E51-4FD6-91BF-9CD3A500AA72}.Release|Mixed Platforms.Build.0 = Release|x86
		{911D5620-0E51-4FD6-91BF-9CD3A500AA72}.Release|x86.ActiveCfg = Release|x86
		{911D5620-0E51-4FD6-91BF-9CD3A500AA72}.Release|x86.Build.0 = Release|x86
		{F8646414-0C9C-49BB-9DA3-3923BF78A398}.Debug|Any CPU.ActiveCfg = Debug|Any CPU
		{F8646414-0C9C-49BB-9DA3-3923BF78A398}.Debug|Any CPU.Build.0 = Debug|Any CPU
		{F8646414-0C9C-49BB-9DA3-3923BF78A398}.Debug|Mixed Platforms.ActiveCfg = Debug|x86
		{F8646414-0C9C-49BB-9DA3-3923BF78A398}.Debug|Mixed Platforms.Build.0 = Debug|x86
		{F8646414-0C9C-49BB-9DA3-3923BF78A398}.Debug|x86.ActiveCfg = Debug|x86
		{F8646414-0C9C-49BB-9DA3-3923BF78A398}.Debug|x86.Build.0 = Debug|x86
		{F8646414-0C9C-49BB-9DA3-3923BF78A398}.Release|Any CPU.ActiveCfg = Release|Any CPU
		{F8646414-0C9C-49BB-9DA3-3923BF78A398}.Release|Any CPU.Build.0 = Release|Any CPU
		{F8646414-0C9C-49BB-9DA3-3923BF78A398}.Release|Mixed Platforms.ActiveCfg = Release|x86
		{F8646414-0C9C-49BB-9DA3-3923BF78A398}.Release|Mixed Platforms.Build.0 = Release|x86
		{F8646414-0C9C-49BB-9DA3-3923BF78A398}.Release|x86.ActiveCfg = Release|x86
		{F8646414-0C9C-49BB-9DA3-3923BF78A398}.Release|x86.Build.0 = Release|x86
		{F5E0C1F7-9E9B-46F2-AC88-8C9C1C923880}.Debug|Any CPU.ActiveCfg = Debug|Any CPU
		{F5E0C1F7-9E9B-46F2-AC88-8C9C1C923880}.Debug|Any CPU.Build.0 = Debug|Any CPU
		{F5E0C1F7-9E9B-46F2-AC88-8C9C1C923880}.Debug|Mixed Platforms.ActiveCfg = Debug|Any CPU
		{F5E0C1F7-9E9B-46F2-AC88-8C9C1C923880}.Debug|Mixed Platforms.Build.0 = Debug|Any CPU
		{F5E0C1F7-9E9B-46F2-AC88-8C9C1C923880}.Debug|x86.ActiveCfg = Debug|Any CPU
		{F5E0C1F7-9E9B-46F2-AC88-8C9C1C923880}.Release|Any CPU.ActiveCfg = Release|Any CPU
		{F5E0C1F7-9E9B-46F2-AC88-8C9C1C923880}.Release|Any CPU.Build.0 = Release|Any CPU
		{F5E0C1F7-9E9B-46F2-AC88-8C9C1C923880}.Release|Mixed Platforms.ActiveCfg = Release|Any CPU
		{F5E0C1F7-9E9B-46F2-AC88-8C9C1C923880}.Release|Mixed Platforms.Build.0 = Release|Any CPU
		{F5E0C1F7-9E9B-46F2-AC88-8C9C1C923880}.Release|x86.ActiveCfg = Release|Any CPU
		{76D9F18F-29BD-45E5-A253-F9F5D5597246}.Debug|Any CPU.ActiveCfg = Debug|Any CPU
		{76D9F18F-29BD-45E5-A253-F9F5D5597246}.Debug|Any CPU.Build.0 = Debug|Any CPU
		{76D9F18F-29BD-45E5-A253-F9F5D5597246}.Debug|Mixed Platforms.ActiveCfg = Debug|Any CPU
		{76D9F18F-29BD-45E5-A253-F9F5D5597246}.Debug|Mixed Platforms.Build.0 = Debug|Any CPU
		{76D9F18F-29BD-45E5-A253-F9F5D5597246}.Debug|x86.ActiveCfg = Debug|Any CPU
		{76D9F18F-29BD-45E5-A253-F9F5D5597246}.Release|Any CPU.ActiveCfg = Release|Any CPU
		{76D9F18F-29BD-45E5-A253-F9F5D5597246}.Release|Any CPU.Build.0 = Release|Any CPU
		{76D9F18F-29BD-45E5-A253-F9F5D5597246}.Release|Mixed Platforms.ActiveCfg = Release|Any CPU
		{76D9F18F-29BD-45E5-A253-F9F5D5597246}.Release|Mixed Platforms.Build.0 = Release|Any CPU
		{76D9F18F-29BD-45E5-A253-F9F5D5597246}.Release|x86.ActiveCfg = Release|Any CPU
		{9271C1A9-8A66-49B9-ACC6-AE8A3CBFB030}.Debug|Any CPU.ActiveCfg = Debug|x86
		{9271C1A9-8A66-49B9-ACC6-AE8A3CBFB030}.Debug|Mixed Platforms.ActiveCfg = Debug|x86
		{9271C1A9-8A66-49B9-ACC6-AE8A3CBFB030}.Debug|Mixed Platforms.Build.0 = Debug|x86
		{9271C1A9-8A66-49B9-ACC6-AE8A3CBFB030}.Debug|x86.ActiveCfg = Debug|x86
		{9271C1A9-8A66-49B9-ACC6-AE8A3CBFB030}.Debug|x86.Build.0 = Debug|x86
		{9271C1A9-8A66-49B9-ACC6-AE8A3CBFB030}.Release|Any CPU.ActiveCfg = Release|x86
		{9271C1A9-8A66-49B9-ACC6-AE8A3CBFB030}.Release|Mixed Platforms.ActiveCfg = Release|x86
		{9271C1A9-8A66-49B9-ACC6-AE8A3CBFB030}.Release|Mixed Platforms.Build.0 = Release|x86
		{9271C1A9-8A66-49B9-ACC6-AE8A3CBFB030}.Release|x86.ActiveCfg = Release|x86
		{9271C1A9-8A66-49B9-ACC6-AE8A3CBFB030}.Release|x86.Build.0 = Release|x86
	EndGlobalSection
	GlobalSection(SolutionProperties) = preSolution
		HideSolutionNode = FALSE
	EndGlobalSection
EndGlobal
