
Microsoft Visual Studio Solution File, Format Version 11.00
# Visual Studio 2010
Project("{FAE04EC0-301F-11D3-BF4B-00C04F79EFBC}") = "ClassLibrary1", "ClassLibrary1\ClassLibrary1.csproj", "{6FA317A4-9B8F-4DC8-992C-D61B2095F572}"
EndProject
Project("{FAE04EC0-301F-11D3-BF4B-00C04F79EFBC}") = "GongJiao", "E:\zzubus\GongJiao\GongJiao.csproj", "{9E99741B-B32F-4C4A-8F05-BAF52490EE12}"
EndProject
Project("{FAE04EC0-301F-11D3-BF4B-00C04F79EFBC}") = "ProcessNews", "ProcessNews\ProcessNews.csproj", "{6F40B61C-CF61-4E83-B426-B90B89701685}"
EndProject
Project("{FAE04EC0-301F-11D3-BF4B-00C04F79EFBC}") = "InputPhones", "..\InputPhones\InputPhones\InputPhones.csproj", "{8189E851-3285-44EB-88D1-634CA0F18FCB}"
EndProject
Project("{FAE04EC0-301F-11D3-BF4B-00C04F79EFBC}") = "WordAutoGre", "..\WordAutoGre\mycomments\WordAutoGre\WordAutoGre.csproj", "{8EC3B5D3-8E00-4AB5-B1AD-51396AF298B5}"
EndProject
Project("{FAE04EC0-301F-11D3-BF4B-00C04F79EFBC}") = "SendMessage", "SendMessage\SendMessage.csproj", "{1D287FB4-86F8-48EC-AAC7-149E65E7612C}"
EndProject
Project("{8BC9CEB8-8B4A-11D0-8D11-00A0C91BC942}") = "iconTest", "iconTest\iconTest.vcxproj", "{7E9B6E9E-D5BA-4EEE-B867-CE951E262C38}"
EndProject
Project("{FAE04EC0-301F-11D3-BF4B-00C04F79EFBC}") = "updaterss", "UpdateRss\InputPhones\updaterss.csproj", "{569D1579-2872-4E2E-B897-CDAEA650F931}"
EndProject
Project("{FAE04EC0-301F-11D3-BF4B-00C04F79EFBC}") = "WpfApplication1", "..\WpfApplication1\WpfApplication1\WpfApplication1.csproj", "{A25AD3FB-8CA9-4DBE-9863-9D7818DACD5A}"
EndProject
Global
	GlobalSection(SolutionConfigurationPlatforms) = preSolution
		Debug|Any CPU = Debug|Any CPU
		Debug|Mixed Platforms = Debug|Mixed Platforms
		Debug|Win32 = Debug|Win32
		Debug|x86 = Debug|x86
		Release|Any CPU = Release|Any CPU
		Release|Mixed Platforms = Release|Mixed Platforms
		Release|Win32 = Release|Win32
		Release|x86 = Release|x86
	EndGlobalSection
	GlobalSection(ProjectConfigurationPlatforms) = postSolution
		{6FA317A4-9B8F-4DC8-992C-D61B2095F572}.Debug|Any CPU.ActiveCfg = Debug|Any CPU
		{6FA317A4-9B8F-4DC8-992C-D61B2095F572}.Debug|Any CPU.Build.0 = Debug|Any CPU
		{6FA317A4-9B8F-4DC8-992C-D61B2095F572}.Debug|Mixed Platforms.ActiveCfg = Debug|Any CPU
		{6FA317A4-9B8F-4DC8-992C-D61B2095F572}.Debug|Mixed Platforms.Build.0 = Debug|Any CPU
		{6FA317A4-9B8F-4DC8-992C-D61B2095F572}.Debug|Win32.ActiveCfg = Debug|Any CPU
		{6FA317A4-9B8F-4DC8-992C-D61B2095F572}.Debug|x86.ActiveCfg = Debug|Any CPU
		{6FA317A4-9B8F-4DC8-992C-D61B2095F572}.Release|Any CPU.ActiveCfg = Release|Any CPU
		{6FA317A4-9B8F-4DC8-992C-D61B2095F572}.Release|Any CPU.Build.0 = Release|Any CPU
		{6FA317A4-9B8F-4DC8-992C-D61B2095F572}.Release|Mixed Platforms.ActiveCfg = Release|Any CPU
		{6FA317A4-9B8F-4DC8-992C-D61B2095F572}.Release|Mixed Platforms.Build.0 = Release|Any CPU
		{6FA317A4-9B8F-4DC8-992C-D61B2095F572}.Release|Win32.ActiveCfg = Release|Any CPU
		{6FA317A4-9B8F-4DC8-992C-D61B2095F572}.Release|x86.ActiveCfg = Release|Any CPU
		{9E99741B-B32F-4C4A-8F05-BAF52490EE12}.Debug|Any CPU.ActiveCfg = Debug|x86
		{9E99741B-B32F-4C4A-8F05-BAF52490EE12}.Debug|Mixed Platforms.ActiveCfg = Debug|x86
		{9E99741B-B32F-4C4A-8F05-BAF52490EE12}.Debug|Mixed Platforms.Build.0 = Debug|x86
		{9E99741B-B32F-4C4A-8F05-BAF52490EE12}.Debug|Win32.ActiveCfg = Debug|x86
		{9E99741B-B32F-4C4A-8F05-BAF52490EE12}.Debug|x86.ActiveCfg = Debug|x86
		{9E99741B-B32F-4C4A-8F05-BAF52490EE12}.Debug|x86.Build.0 = Debug|x86
		{9E99741B-B32F-4C4A-8F05-BAF52490EE12}.Release|Any CPU.ActiveCfg = Release|x86
		{9E99741B-B32F-4C4A-8F05-BAF52490EE12}.Release|Mixed Platforms.ActiveCfg = Release|x86
		{9E99741B-B32F-4C4A-8F05-BAF52490EE12}.Release|Mixed Platforms.Build.0 = Release|x86
		{9E99741B-B32F-4C4A-8F05-BAF52490EE12}.Release|Win32.ActiveCfg = Release|x86
		{9E99741B-B32F-4C4A-8F05-BAF52490EE12}.Release|x86.ActiveCfg = Release|x86
		{9E99741B-B32F-4C4A-8F05-BAF52490EE12}.Release|x86.Build.0 = Release|x86
		{6F40B61C-CF61-4E83-B426-B90B89701685}.Debug|Any CPU.ActiveCfg = Debug|x86
		{6F40B61C-CF61-4E83-B426-B90B89701685}.Debug|Mixed Platforms.ActiveCfg = Debug|x86
		{6F40B61C-CF61-4E83-B426-B90B89701685}.Debug|Mixed Platforms.Build.0 = Debug|x86
		{6F40B61C-CF61-4E83-B426-B90B89701685}.Debug|Win32.ActiveCfg = Debug|x86
		{6F40B61C-CF61-4E83-B426-B90B89701685}.Debug|x86.ActiveCfg = Debug|x86
		{6F40B61C-CF61-4E83-B426-B90B89701685}.Debug|x86.Build.0 = Debug|x86
		{6F40B61C-CF61-4E83-B426-B90B89701685}.Release|Any CPU.ActiveCfg = Release|x86
		{6F40B61C-CF61-4E83-B426-B90B89701685}.Release|Mixed Platforms.ActiveCfg = Release|x86
		{6F40B61C-CF61-4E83-B426-B90B89701685}.Release|Mixed Platforms.Build.0 = Release|x86
		{6F40B61C-CF61-4E83-B426-B90B89701685}.Release|Win32.ActiveCfg = Release|x86
		{6F40B61C-CF61-4E83-B426-B90B89701685}.Release|x86.ActiveCfg = Release|x86
		{6F40B61C-CF61-4E83-B426-B90B89701685}.Release|x86.Build.0 = Release|x86
		{8189E851-3285-44EB-88D1-634CA0F18FCB}.Debug|Any CPU.ActiveCfg = Debug|x86
		{8189E851-3285-44EB-88D1-634CA0F18FCB}.Debug|Mixed Platforms.ActiveCfg = Debug|x86
		{8189E851-3285-44EB-88D1-634CA0F18FCB}.Debug|Mixed Platforms.Build.0 = Debug|x86
		{8189E851-3285-44EB-88D1-634CA0F18FCB}.Debug|Win32.ActiveCfg = Debug|x86
		{8189E851-3285-44EB-88D1-634CA0F18FCB}.Debug|x86.ActiveCfg = Debug|x86
		{8189E851-3285-44EB-88D1-634CA0F18FCB}.Debug|x86.Build.0 = Debug|x86
		{8189E851-3285-44EB-88D1-634CA0F18FCB}.Release|Any CPU.ActiveCfg = Release|x86
		{8189E851-3285-44EB-88D1-634CA0F18FCB}.Release|Mixed Platforms.ActiveCfg = Release|x86
		{8189E851-3285-44EB-88D1-634CA0F18FCB}.Release|Mixed Platforms.Build.0 = Release|x86
		{8189E851-3285-44EB-88D1-634CA0F18FCB}.Release|Win32.ActiveCfg = Release|x86
		{8189E851-3285-44EB-88D1-634CA0F18FCB}.Release|x86.ActiveCfg = Release|x86
		{8189E851-3285-44EB-88D1-634CA0F18FCB}.Release|x86.Build.0 = Release|x86
		{8EC3B5D3-8E00-4AB5-B1AD-51396AF298B5}.Debug|Any CPU.ActiveCfg = Debug|x86
		{8EC3B5D3-8E00-4AB5-B1AD-51396AF298B5}.Debug|Mixed Platforms.ActiveCfg = Debug|x86
		{8EC3B5D3-8E00-4AB5-B1AD-51396AF298B5}.Debug|Mixed Platforms.Build.0 = Debug|x86
		{8EC3B5D3-8E00-4AB5-B1AD-51396AF298B5}.Debug|Win32.ActiveCfg = Debug|x86
		{8EC3B5D3-8E00-4AB5-B1AD-51396AF298B5}.Debug|x86.ActiveCfg = Debug|x86
		{8EC3B5D3-8E00-4AB5-B1AD-51396AF298B5}.Debug|x86.Build.0 = Debug|x86
		{8EC3B5D3-8E00-4AB5-B1AD-51396AF298B5}.Release|Any CPU.ActiveCfg = Release|x86
		{8EC3B5D3-8E00-4AB5-B1AD-51396AF298B5}.Release|Mixed Platforms.ActiveCfg = Release|x86
		{8EC3B5D3-8E00-4AB5-B1AD-51396AF298B5}.Release|Mixed Platforms.Build.0 = Release|x86
		{8EC3B5D3-8E00-4AB5-B1AD-51396AF298B5}.Release|Win32.ActiveCfg = Release|x86
		{8EC3B5D3-8E00-4AB5-B1AD-51396AF298B5}.Release|x86.ActiveCfg = Release|x86
		{8EC3B5D3-8E00-4AB5-B1AD-51396AF298B5}.Release|x86.Build.0 = Release|x86
		{1D287FB4-86F8-48EC-AAC7-149E65E7612C}.Debug|Any CPU.ActiveCfg = Debug|x86
		{1D287FB4-86F8-48EC-AAC7-149E65E7612C}.Debug|Mixed Platforms.ActiveCfg = Debug|x86
		{1D287FB4-86F8-48EC-AAC7-149E65E7612C}.Debug|Mixed Platforms.Build.0 = Debug|x86
		{1D287FB4-86F8-48EC-AAC7-149E65E7612C}.Debug|Win32.ActiveCfg = Debug|x86
		{1D287FB4-86F8-48EC-AAC7-149E65E7612C}.Debug|x86.ActiveCfg = Debug|x86
		{1D287FB4-86F8-48EC-AAC7-149E65E7612C}.Debug|x86.Build.0 = Debug|x86
		{1D287FB4-86F8-48EC-AAC7-149E65E7612C}.Release|Any CPU.ActiveCfg = Release|x86
		{1D287FB4-86F8-48EC-AAC7-149E65E7612C}.Release|Mixed Platforms.ActiveCfg = Release|x86
		{1D287FB4-86F8-48EC-AAC7-149E65E7612C}.Release|Mixed Platforms.Build.0 = Release|x86
		{1D287FB4-86F8-48EC-AAC7-149E65E7612C}.Release|Win32.ActiveCfg = Release|x86
		{1D287FB4-86F8-48EC-AAC7-149E65E7612C}.Release|x86.ActiveCfg = Release|x86
		{1D287FB4-86F8-48EC-AAC7-149E65E7612C}.Release|x86.Build.0 = Release|x86
		{7E9B6E9E-D5BA-4EEE-B867-CE951E262C38}.Debug|Any CPU.ActiveCfg = Debug|Win32
		{7E9B6E9E-D5BA-4EEE-B867-CE951E262C38}.Debug|Mixed Platforms.ActiveCfg = Debug|Win32
		{7E9B6E9E-D5BA-4EEE-B867-CE951E262C38}.Debug|Mixed Platforms.Build.0 = Debug|Win32
		{7E9B6E9E-D5BA-4EEE-B867-CE951E262C38}.Debug|Win32.ActiveCfg = Debug|Win32
		{7E9B6E9E-D5BA-4EEE-B867-CE951E262C38}.Debug|Win32.Build.0 = Debug|Win32
		{7E9B6E9E-D5BA-4EEE-B867-CE951E262C38}.Debug|x86.ActiveCfg = Debug|Win32
		{7E9B6E9E-D5BA-4EEE-B867-CE951E262C38}.Release|Any CPU.ActiveCfg = Release|Win32
		{7E9B6E9E-D5BA-4EEE-B867-CE951E262C38}.Release|Mixed Platforms.ActiveCfg = Release|Win32
		{7E9B6E9E-D5BA-4EEE-B867-CE951E262C38}.Release|Mixed Platforms.Build.0 = Release|Win32
		{7E9B6E9E-D5BA-4EEE-B867-CE951E262C38}.Release|Win32.ActiveCfg = Release|Win32
		{7E9B6E9E-D5BA-4EEE-B867-CE951E262C38}.Release|Win32.Build.0 = Release|Win32
		{7E9B6E9E-D5BA-4EEE-B867-CE951E262C38}.Release|x86.ActiveCfg = Release|Win32
		{569D1579-2872-4E2E-B897-CDAEA650F931}.Debug|Any CPU.ActiveCfg = Debug|x86
		{569D1579-2872-4E2E-B897-CDAEA650F931}.Debug|Mixed Platforms.ActiveCfg = Debug|x86
		{569D1579-2872-4E2E-B897-CDAEA650F931}.Debug|Mixed Platforms.Build.0 = Debug|x86
		{569D1579-2872-4E2E-B897-CDAEA650F931}.Debug|Win32.ActiveCfg = Debug|x86
		{569D1579-2872-4E2E-B897-CDAEA650F931}.Debug|x86.ActiveCfg = Debug|x86
		{569D1579-2872-4E2E-B897-CDAEA650F931}.Debug|x86.Build.0 = Debug|x86
		{569D1579-2872-4E2E-B897-CDAEA650F931}.Release|Any CPU.ActiveCfg = Release|x86
		{569D1579-2872-4E2E-B897-CDAEA650F931}.Release|Mixed Platforms.ActiveCfg = Release|x86
		{569D1579-2872-4E2E-B897-CDAEA650F931}.Release|Mixed Platforms.Build.0 = Release|x86
		{569D1579-2872-4E2E-B897-CDAEA650F931}.Release|Win32.ActiveCfg = Release|x86
		{569D1579-2872-4E2E-B897-CDAEA650F931}.Release|x86.ActiveCfg = Release|x86
		{569D1579-2872-4E2E-B897-CDAEA650F931}.Release|x86.Build.0 = Release|x86
		{A25AD3FB-8CA9-4DBE-9863-9D7818DACD5A}.Debug|Any CPU.ActiveCfg = Debug|x86
		{A25AD3FB-8CA9-4DBE-9863-9D7818DACD5A}.Debug|Mixed Platforms.ActiveCfg = Debug|x86
		{A25AD3FB-8CA9-4DBE-9863-9D7818DACD5A}.Debug|Mixed Platforms.Build.0 = Debug|x86
		{A25AD3FB-8CA9-4DBE-9863-9D7818DACD5A}.Debug|Win32.ActiveCfg = Debug|x86
		{A25AD3FB-8CA9-4DBE-9863-9D7818DACD5A}.Debug|x86.ActiveCfg = Debug|x86
		{A25AD3FB-8CA9-4DBE-9863-9D7818DACD5A}.Debug|x86.Build.0 = Debug|x86
		{A25AD3FB-8CA9-4DBE-9863-9D7818DACD5A}.Release|Any CPU.ActiveCfg = Release|x86
		{A25AD3FB-8CA9-4DBE-9863-9D7818DACD5A}.Release|Mixed Platforms.ActiveCfg = Release|x86
		{A25AD3FB-8CA9-4DBE-9863-9D7818DACD5A}.Release|Mixed Platforms.Build.0 = Release|x86
		{A25AD3FB-8CA9-4DBE-9863-9D7818DACD5A}.Release|Win32.ActiveCfg = Release|x86
		{A25AD3FB-8CA9-4DBE-9863-9D7818DACD5A}.Release|x86.ActiveCfg = Release|x86
		{A25AD3FB-8CA9-4DBE-9863-9D7818DACD5A}.Release|x86.Build.0 = Release|x86
	EndGlobalSection
	GlobalSection(SolutionProperties) = preSolution
		HideSolutionNode = FALSE
	EndGlobalSection
EndGlobal
